
Microsoft Visual Studio Solution File, Format Version 12.00
# Visual Studio Version 17
VisualStudioVersion = 17.6.33815.320
MinimumVisualStudioVersion = 10.0.40219.1
Project("{FAE04EC0-301F-11D3-BF4B-00C04F79EFBC}") = "FindMaximum", "FindMaximum.csproj", "{2D0841BA-9C10-4EA3-95A2-C3A99F2700D8}"
EndProject
Global
	GlobalSection(SolutionConfigurationPlatforms) = preSolution
		Debug|Any CPU = Debug|Any CPU
		Release|Any CPU = Release|Any CPU
	EndGlobalSection
	GlobalSection(ProjectConfigurationPlatforms) = postSolution
		{2D0841BA-9C10-4EA3-95A2-C3A99F2700D8}.Debug|Any CPU.ActiveCfg = Debug|Any CPU
		{2D0841BA-9C10-4EA3-95A2-C3A99F2700D8}.Debug|Any CPU.Build.0 = Debug|Any CPU
		{2D0841BA-9C10-4EA3-95A2-C3A99F2700D8}.Release|Any CPU.ActiveCfg = Release|Any CPU
		{2D0841BA-9C10-4EA3-95A2-C3A99F2700D8}.Release|Any CPU.Build.0 = Release|Any CPU
	EndGlobalSection
	GlobalSection(SolutionProperties) = preSolution
		HideSolutionNode = FALSE
	EndGlobalSection
	GlobalSection(ExtensibilityGlobals) = postSolution
		SolutionGuid = {CCE82464-B533-4DD3-99E1-184E3703F186}
	EndGlobalSection
EndGlobal
